{
  "name": "solonomy",
  "version": "0.0.1",
  "lockfileVersion": 1,
  "requires": true,
  "dependencies": {
    "@openzeppelin/contracts": {
      "version": "3.3.0",
      "resolved": "https://registry.npmjs.org/@openzeppelin/contracts/-/contracts-3.3.0.tgz",
      "integrity": "sha512-AemZEsQYtUp1WRkcmZm1div5ORfTpLquLaziCIrSagjxyKdmObxuaY1yjQ5SHFMctR8rLwp706NXTbiIRJg7pw=="
    },
    "abdk-libraries-solidity": {
      "version": "2.4.0",
      "resolved": "https://registry.npmjs.org/abdk-libraries-solidity/-/abdk-libraries-solidity-2.4.0.tgz",
      "integrity": "sha512-C6RpN6hdi5sHNIKt5SGt8pGQAmmGdPIe3Cf95JBiZ+iTO5wushwkDC0r+38fSjsC/uA9rhpl/THyyZuvZv8c6g=="
    }
  }
}
